
Microsoft Visual Studio Solution File, Format Version 12.00
# Visual Studio 14
VisualStudioVersion = 14.0.25420.1
MinimumVisualStudioVersion = 10.0.40219.1
Project("{FAE04EC0-301F-11D3-BF4B-00C04F79EFBC}") = "APMTool", "APMTool\APMTool.csproj", "{7A975804-D7B8-4233-9B63-F2FA8E06796F}"
EndProject
Project("{FAE04EC0-301F-11D3-BF4B-00C04F79EFBC}") = "OWLib", "OWLib\OWLib.csproj", "{353C0D05-C505-4DF4-909E-624FD94A7D3B}"
EndProject
Project("{FAE04EC0-301F-11D3-BF4B-00C04F79EFBC}") = "TextureTool", "TextureTool\TextureTool.csproj", "{324118A1-33A2-4D16-A134-C2685F7E5D71}"
EndProject
Project("{FAE04EC0-301F-11D3-BF4B-00C04F79EFBC}") = "ModelTool", "ModelTool\ModelTool.csproj", "{9432CA06-25EA-44DB-9FA1-0583FF096B5D}"
EndProject
Project("{FAE04EC0-301F-11D3-BF4B-00C04F79EFBC}") = "PackageTool", "PackageTool\PackageTool.csproj", "{71291DB4-629C-4D3D-B0D1-14FC9F9FC543}"
EndProject
Project("{FAE04EC0-301F-11D3-BF4B-00C04F79EFBC}") = "CascLib", "CASCExplorer\CascLib\CascLib.csproj", "{E08E1E48-6585-4137-8405-661C62C10713}"
EndProject
Project("{FAE04EC0-301F-11D3-BF4B-00C04F79EFBC}") = "OverTool", "OverTool\OverTool.csproj", "{55122BF8-CC39-4936-B8F1-CF8E87195971}"
EndProject
Project("{2150E333-8FDC-42A3-9474-1A3956D46DE8}") = "Tools", "Tools", "{97878F88-59A9-47BD-BAA4-7B4DEAC97826}"
EndProject
Project("{2150E333-8FDC-42A3-9474-1A3956D46DE8}") = "Third Party", "Third Party", "{3D7A76E0-ADD8-4F3C-8BE6-DF54FCB0CBCA}"
EndProject
Project("{2150E333-8FDC-42A3-9474-1A3956D46DE8}") = "OWMImporter", "OWMImporter", "{AA8F13E5-C6D3-4D16-93BF-73A445A2BB81}"
	ProjectSection(SolutionItems) = preProject
		OWMImporter\__init__.py = OWMImporter\__init__.py
		OWMImporter\bin_ops.py = OWMImporter\bin_ops.py
		OWMImporter\import_owmap.py = OWMImporter\import_owmap.py
		OWMImporter\import_owmat.py = OWMImporter\import_owmat.py
		OWMImporter\import_owmdl.py = OWMImporter\import_owmdl.py
		OWMImporter\manager.py = OWMImporter\manager.py
		OWMImporter\owm_types.py = OWMImporter\owm_types.py
		OWMImporter\read_owmap.py = OWMImporter\read_owmap.py
		OWMImporter\read_owmat.py = OWMImporter\read_owmat.py
		OWMImporter\read_owmdl.py = OWMImporter\read_owmdl.py
	EndProjectSection
EndProject
Project("{2150E333-8FDC-42A3-9474-1A3956D46DE8}") = "CascLib.patch", "CascLib.patch", "{4AE91B29-21F6-4263-AD06-AE01AE2EF5BD}"
	ProjectSection(SolutionItems) = preProject
		CascLib.patch\KeyService.cs = CascLib.patch\KeyService.cs
		CascLib.patch\Logger.cs = CascLib.patch\Logger.cs
		CascLib.patch\ow.keys = CascLib.patch\ow.keys
		CascLib.patch\OWRootHandler.cs = CascLib.patch\OWRootHandler.cs
		CascLib.patch\PerfCounter.cs = CascLib.patch\PerfCounter.cs
	EndProjectSection
EndProject
Global
	GlobalSection(SolutionConfigurationPlatforms) = preSolution
		Debug|Any CPU = Debug|Any CPU
		Release|Any CPU = Release|Any CPU
	EndGlobalSection
	GlobalSection(ProjectConfigurationPlatforms) = postSolution
		{7A975804-D7B8-4233-9B63-F2FA8E06796F}.Debug|Any CPU.ActiveCfg = Debug|Any CPU
		{7A975804-D7B8-4233-9B63-F2FA8E06796F}.Debug|Any CPU.Build.0 = Debug|Any CPU
		{7A975804-D7B8-4233-9B63-F2FA8E06796F}.Release|Any CPU.ActiveCfg = Release|Any CPU
		{7A975804-D7B8-4233-9B63-F2FA8E06796F}.Release|Any CPU.Build.0 = Release|Any CPU
		{353C0D05-C505-4DF4-909E-624FD94A7D3B}.Debug|Any CPU.ActiveCfg = Debug|Any CPU
		{353C0D05-C505-4DF4-909E-624FD94A7D3B}.Debug|Any CPU.Build.0 = Debug|Any CPU
		{353C0D05-C505-4DF4-909E-624FD94A7D3B}.Release|Any CPU.ActiveCfg = Release|Any CPU
		{353C0D05-C505-4DF4-909E-624FD94A7D3B}.Release|Any CPU.Build.0 = Release|Any CPU
		{324118A1-33A2-4D16-A134-C2685F7E5D71}.Debug|Any CPU.ActiveCfg = Debug|Any CPU
		{324118A1-33A2-4D16-A134-C2685F7E5D71}.Debug|Any CPU.Build.0 = Debug|Any CPU
		{324118A1-33A2-4D16-A134-C2685F7E5D71}.Release|Any CPU.ActiveCfg = Release|Any CPU
		{324118A1-33A2-4D16-A134-C2685F7E5D71}.Release|Any CPU.Build.0 = Release|Any CPU
		{9432CA06-25EA-44DB-9FA1-0583FF096B5D}.Debug|Any CPU.ActiveCfg = Debug|Any CPU
		{9432CA06-25EA-44DB-9FA1-0583FF096B5D}.Debug|Any CPU.Build.0 = Debug|Any CPU
		{9432CA06-25EA-44DB-9FA1-0583FF096B5D}.Release|Any CPU.ActiveCfg = Release|Any CPU
		{9432CA06-25EA-44DB-9FA1-0583FF096B5D}.Release|Any CPU.Build.0 = Release|Any CPU
		{71291DB4-629C-4D3D-B0D1-14FC9F9FC543}.Debug|Any CPU.ActiveCfg = Debug|Any CPU
		{71291DB4-629C-4D3D-B0D1-14FC9F9FC543}.Debug|Any CPU.Build.0 = Debug|Any CPU
		{71291DB4-629C-4D3D-B0D1-14FC9F9FC543}.Release|Any CPU.ActiveCfg = Release|Any CPU
		{71291DB4-629C-4D3D-B0D1-14FC9F9FC543}.Release|Any CPU.Build.0 = Release|Any CPU
		{E08E1E48-6585-4137-8405-661C62C10713}.Debug|Any CPU.ActiveCfg = Debug|Any CPU
		{E08E1E48-6585-4137-8405-661C62C10713}.Debug|Any CPU.Build.0 = Debug|Any CPU
		{E08E1E48-6585-4137-8405-661C62C10713}.Release|Any CPU.ActiveCfg = Release|Any CPU
		{E08E1E48-6585-4137-8405-661C62C10713}.Release|Any CPU.Build.0 = Release|Any CPU
		{55122BF8-CC39-4936-B8F1-CF8E87195971}.Debug|Any CPU.ActiveCfg = Debug|Any CPU
		{55122BF8-CC39-4936-B8F1-CF8E87195971}.Debug|Any CPU.Build.0 = Debug|Any CPU
		{55122BF8-CC39-4936-B8F1-CF8E87195971}.Release|Any CPU.ActiveCfg = Release|Any CPU
		{55122BF8-CC39-4936-B8F1-CF8E87195971}.Release|Any CPU.Build.0 = Release|Any CPU
	EndGlobalSection
	GlobalSection(SolutionProperties) = preSolution
		HideSolutionNode = FALSE
	EndGlobalSection
	GlobalSection(NestedProjects) = preSolution
		{7A975804-D7B8-4233-9B63-F2FA8E06796F} = {97878F88-59A9-47BD-BAA4-7B4DEAC97826}
		{324118A1-33A2-4D16-A134-C2685F7E5D71} = {97878F88-59A9-47BD-BAA4-7B4DEAC97826}
		{9432CA06-25EA-44DB-9FA1-0583FF096B5D} = {97878F88-59A9-47BD-BAA4-7B4DEAC97826}
		{71291DB4-629C-4D3D-B0D1-14FC9F9FC543} = {97878F88-59A9-47BD-BAA4-7B4DEAC97826}
		{E08E1E48-6585-4137-8405-661C62C10713} = {3D7A76E0-ADD8-4F3C-8BE6-DF54FCB0CBCA}
		{55122BF8-CC39-4936-B8F1-CF8E87195971} = {97878F88-59A9-47BD-BAA4-7B4DEAC97826}
		{4AE91B29-21F6-4263-AD06-AE01AE2EF5BD} = {3D7A76E0-ADD8-4F3C-8BE6-DF54FCB0CBCA}
	EndGlobalSection
	GlobalSection(MonoDevelopProperties) = preSolution
		Policies = $0
		$0.DotNetNamingPolicy = $1
		$1.DirectoryNamespaceAssociation = None
		$1.ResourceNamePolicy = FileFormatDefault
	EndGlobalSection
EndGlobal
