
Microsoft Visual Studio Solution File, Format Version 12.00
# Visual Studio 15
VisualStudioVersion = 15.0.26730.12
MinimumVisualStudioVersion = 10.0.40219.1
Project("{FAE04EC0-301F-11D3-BF4B-00C04F79EFBC}") = "OWLib", "OWLib\OWLib.csproj", "{353C0D05-C505-4DF4-909E-624FD94A7D3B}"
EndProject
Project("{FAE04EC0-301F-11D3-BF4B-00C04F79EFBC}") = "TextureTool", "TextureTool\TextureTool.csproj", "{324118A1-33A2-4D16-A134-C2685F7E5D71}"
EndProject
Project("{FAE04EC0-301F-11D3-BF4B-00C04F79EFBC}") = "CascLib", "CASCExplorer\CascLib\CascLib.csproj", "{E08E1E48-6585-4137-8405-661C62C10713}"
EndProject
Project("{FAE04EC0-301F-11D3-BF4B-00C04F79EFBC}") = "OverTool", "OverTool\OverTool.csproj", "{55122BF8-CC39-4936-B8F1-CF8E87195971}"
EndProject
Project("{2150E333-8FDC-42A3-9474-1A3956D46DE8}") = "Tools", "Tools", "{97878F88-59A9-47BD-BAA4-7B4DEAC97826}"
EndProject
Project("{2150E333-8FDC-42A3-9474-1A3956D46DE8}") = "Third Party", "Third Party", "{3D7A76E0-ADD8-4F3C-8BE6-DF54FCB0CBCA}"
EndProject
Project("{FAE04EC0-301F-11D3-BF4B-00C04F79EFBC}") = "BNKTool", "BNKTool\BNKTool.csproj", "{EFDA1674-FF63-4411-BA19-229AC67075DB}"
EndProject
Project("{FAE04EC0-301F-11D3-BF4B-00C04F79EFBC}") = "GUIDDebug", "GUIDDebug\GUIDDebug.csproj", "{8E93A08E-1156-45BB-973D-B087B88742C4}"
EndProject
Project("{FAE04EC0-301F-11D3-BF4B-00C04F79EFBC}") = "ConvertTool", "ConvertTool\ConvertTool.csproj", "{9432CA06-25EA-44DB-9FA1-0583FF096B5D}"
EndProject
Project("{FAE04EC0-301F-11D3-BF4B-00C04F79EFBC}") = "overwatch-anim", "overwatch-anim\overwatch-anim.csproj", "{F31B8ADD-B400-4A21-9D15-85840B4C38C6}"
EndProject
Project("{FAE04EC0-301F-11D3-BF4B-00C04F79EFBC}") = "STUDebug", "STUDebug\STUDebug.csproj", "{32750FDA-CFE6-4296-BE7A-27E94FB4EEFA}"
EndProject
Project("{FAE04EC0-301F-11D3-BF4B-00C04F79EFBC}") = "CASCExplorer", "CASCExplorer\CASCExplorer\CASCExplorer.csproj", "{CB208F91-B1E8-4319-B4C0-2F4E15A4BFBC}"
EndProject
Project("{FAE04EC0-301F-11D3-BF4B-00C04F79EFBC}") = "CASCConsole", "CASCExplorer\CASCConsole\CASCConsole.csproj", "{85502A7B-1B1B-4A02-B37F-11600B6194FD}"
EndProject
Project("{FAE04EC0-301F-11D3-BF4B-00C04F79EFBC}") = "STULib", "STULib\STULib.csproj", "{996012B0-3693-4642-AC44-5AA8865EE44A}"
EndProject
Project("{FAE04EC0-301F-11D3-BF4B-00C04F79EFBC}") = "STUHashTool", "STUHashTool\STUHashTool.csproj", "{FB874758-AB99-4526-A035-8E6DA1252822}"
EndProject
Project("{FAE04EC0-301F-11D3-BF4B-00C04F79EFBC}") = "DataTool", "DataTool\DataTool.csproj", "{9D1A3DCC-37BF-4979-ACD8-3E998E19CE71}"
EndProject
Project("{FAE04EC0-301F-11D3-BF4B-00C04F79EFBC}") = "OWReplayLib", "OWReplayLib\OWReplayLib.csproj", "{FCF6F515-0870-4CB4-8A55-1363D20B01A0}"
EndProject
Project("{FAE04EC0-301F-11D3-BF4B-00C04F79EFBC}") = "STUExcavator", "STUExcavator\STUExcavator.csproj", "{7039861D-6274-440E-BF4D-FBD2BBDD465C}"
EndProject
Project("{FAE04EC0-301F-11D3-BF4B-00C04F79EFBC}") = "CRCReverse", "CRCReverse\CRCReverse.csproj", "{B59C2048-7350-4F28-AB80-F2AEF9808330}"
EndProject
Project("{FAE04EC0-301F-11D3-BF4B-00C04F79EFBC}") = "STUClassFixer", "STUClassFixer\STUClassFixer.csproj", "{73DF028B-60EC-42E4-B67E-C0DC4991ECEB}"
EndProject
Project("{FAE04EC0-301F-11D3-BF4B-00C04F79EFBC}") = "BCFF", "bcffnet\BCFF\BCFF.csproj", "{9793CB2E-094A-41C9-81BC-27E60620538D}"
EndProject
Project("{FAE04EC0-301F-11D3-BF4B-00C04F79EFBC}") = "RevorbStd", "revorbstd\RevorbStd.csproj", "{C3130ECE-02D9-4BE6-9883-75351822E7DE}"
EndProject
Global
	GlobalSection(SolutionConfigurationPlatforms) = preSolution
		Debug|Any CPU = Debug|Any CPU
		Release|Any CPU = Release|Any CPU
	EndGlobalSection
	GlobalSection(ProjectConfigurationPlatforms) = postSolution
		{353C0D05-C505-4DF4-909E-624FD94A7D3B}.Debug|Any CPU.ActiveCfg = Debug|Any CPU
		{353C0D05-C505-4DF4-909E-624FD94A7D3B}.Debug|Any CPU.Build.0 = Debug|Any CPU
		{353C0D05-C505-4DF4-909E-624FD94A7D3B}.Release|Any CPU.ActiveCfg = Release|Any CPU
		{353C0D05-C505-4DF4-909E-624FD94A7D3B}.Release|Any CPU.Build.0 = Release|Any CPU
		{324118A1-33A2-4D16-A134-C2685F7E5D71}.Debug|Any CPU.ActiveCfg = Debug|Any CPU
		{324118A1-33A2-4D16-A134-C2685F7E5D71}.Debug|Any CPU.Build.0 = Debug|Any CPU
		{324118A1-33A2-4D16-A134-C2685F7E5D71}.Release|Any CPU.ActiveCfg = Release|Any CPU
		{324118A1-33A2-4D16-A134-C2685F7E5D71}.Release|Any CPU.Build.0 = Release|Any CPU
		{E08E1E48-6585-4137-8405-661C62C10713}.Debug|Any CPU.ActiveCfg = Debug|Any CPU
		{E08E1E48-6585-4137-8405-661C62C10713}.Debug|Any CPU.Build.0 = Debug|Any CPU
		{E08E1E48-6585-4137-8405-661C62C10713}.Release|Any CPU.ActiveCfg = Release|Any CPU
		{E08E1E48-6585-4137-8405-661C62C10713}.Release|Any CPU.Build.0 = Release|Any CPU
		{55122BF8-CC39-4936-B8F1-CF8E87195971}.Debug|Any CPU.ActiveCfg = Debug|Any CPU
		{55122BF8-CC39-4936-B8F1-CF8E87195971}.Debug|Any CPU.Build.0 = Debug|Any CPU
		{55122BF8-CC39-4936-B8F1-CF8E87195971}.Release|Any CPU.ActiveCfg = Release|Any CPU
		{55122BF8-CC39-4936-B8F1-CF8E87195971}.Release|Any CPU.Build.0 = Release|Any CPU
		{EFDA1674-FF63-4411-BA19-229AC67075DB}.Debug|Any CPU.ActiveCfg = Debug|Any CPU
		{EFDA1674-FF63-4411-BA19-229AC67075DB}.Debug|Any CPU.Build.0 = Debug|Any CPU
		{EFDA1674-FF63-4411-BA19-229AC67075DB}.Release|Any CPU.ActiveCfg = Release|Any CPU
		{EFDA1674-FF63-4411-BA19-229AC67075DB}.Release|Any CPU.Build.0 = Release|Any CPU
		{8E93A08E-1156-45BB-973D-B087B88742C4}.Debug|Any CPU.ActiveCfg = Debug|Any CPU
		{8E93A08E-1156-45BB-973D-B087B88742C4}.Debug|Any CPU.Build.0 = Debug|Any CPU
		{8E93A08E-1156-45BB-973D-B087B88742C4}.Release|Any CPU.ActiveCfg = Release|Any CPU
		{8E93A08E-1156-45BB-973D-B087B88742C4}.Release|Any CPU.Build.0 = Release|Any CPU
		{9432CA06-25EA-44DB-9FA1-0583FF096B5D}.Debug|Any CPU.ActiveCfg = Debug|Any CPU
		{9432CA06-25EA-44DB-9FA1-0583FF096B5D}.Debug|Any CPU.Build.0 = Debug|Any CPU
		{9432CA06-25EA-44DB-9FA1-0583FF096B5D}.Release|Any CPU.ActiveCfg = Release|Any CPU
		{9432CA06-25EA-44DB-9FA1-0583FF096B5D}.Release|Any CPU.Build.0 = Release|Any CPU
		{F31B8ADD-B400-4A21-9D15-85840B4C38C6}.Debug|Any CPU.ActiveCfg = Debug|Any CPU
		{F31B8ADD-B400-4A21-9D15-85840B4C38C6}.Debug|Any CPU.Build.0 = Debug|Any CPU
		{F31B8ADD-B400-4A21-9D15-85840B4C38C6}.Release|Any CPU.ActiveCfg = Release|Any CPU
		{F31B8ADD-B400-4A21-9D15-85840B4C38C6}.Release|Any CPU.Build.0 = Release|Any CPU
		{32750FDA-CFE6-4296-BE7A-27E94FB4EEFA}.Debug|Any CPU.ActiveCfg = Debug|Any CPU
		{32750FDA-CFE6-4296-BE7A-27E94FB4EEFA}.Debug|Any CPU.Build.0 = Debug|Any CPU
		{32750FDA-CFE6-4296-BE7A-27E94FB4EEFA}.Release|Any CPU.ActiveCfg = Release|Any CPU
		{32750FDA-CFE6-4296-BE7A-27E94FB4EEFA}.Release|Any CPU.Build.0 = Release|Any CPU
		{CB208F91-B1E8-4319-B4C0-2F4E15A4BFBC}.Debug|Any CPU.ActiveCfg = Debug|Any CPU
		{CB208F91-B1E8-4319-B4C0-2F4E15A4BFBC}.Debug|Any CPU.Build.0 = Debug|Any CPU
		{CB208F91-B1E8-4319-B4C0-2F4E15A4BFBC}.Release|Any CPU.ActiveCfg = Release|Any CPU
		{CB208F91-B1E8-4319-B4C0-2F4E15A4BFBC}.Release|Any CPU.Build.0 = Release|Any CPU
		{85502A7B-1B1B-4A02-B37F-11600B6194FD}.Debug|Any CPU.ActiveCfg = Debug|Any CPU
		{85502A7B-1B1B-4A02-B37F-11600B6194FD}.Debug|Any CPU.Build.0 = Debug|Any CPU
		{85502A7B-1B1B-4A02-B37F-11600B6194FD}.Release|Any CPU.ActiveCfg = Release|Any CPU
		{85502A7B-1B1B-4A02-B37F-11600B6194FD}.Release|Any CPU.Build.0 = Release|Any CPU
		{996012B0-3693-4642-AC44-5AA8865EE44A}.Debug|Any CPU.ActiveCfg = Debug|Any CPU
		{996012B0-3693-4642-AC44-5AA8865EE44A}.Debug|Any CPU.Build.0 = Debug|Any CPU
		{996012B0-3693-4642-AC44-5AA8865EE44A}.Release|Any CPU.ActiveCfg = Release|Any CPU
		{996012B0-3693-4642-AC44-5AA8865EE44A}.Release|Any CPU.Build.0 = Release|Any CPU
		{FB874758-AB99-4526-A035-8E6DA1252822}.Debug|Any CPU.ActiveCfg = Debug|Any CPU
		{FB874758-AB99-4526-A035-8E6DA1252822}.Debug|Any CPU.Build.0 = Debug|Any CPU
		{FB874758-AB99-4526-A035-8E6DA1252822}.Release|Any CPU.ActiveCfg = Release|Any CPU
		{FB874758-AB99-4526-A035-8E6DA1252822}.Release|Any CPU.Build.0 = Release|Any CPU
		{9D1A3DCC-37BF-4979-ACD8-3E998E19CE71}.Debug|Any CPU.ActiveCfg = Debug|Any CPU
		{9D1A3DCC-37BF-4979-ACD8-3E998E19CE71}.Debug|Any CPU.Build.0 = Debug|Any CPU
		{9D1A3DCC-37BF-4979-ACD8-3E998E19CE71}.Release|Any CPU.ActiveCfg = Release|Any CPU
		{9D1A3DCC-37BF-4979-ACD8-3E998E19CE71}.Release|Any CPU.Build.0 = Release|Any CPU
		{FCF6F515-0870-4CB4-8A55-1363D20B01A0}.Debug|Any CPU.ActiveCfg = Debug|Any CPU
		{FCF6F515-0870-4CB4-8A55-1363D20B01A0}.Debug|Any CPU.Build.0 = Debug|Any CPU
		{FCF6F515-0870-4CB4-8A55-1363D20B01A0}.Release|Any CPU.ActiveCfg = Release|Any CPU
		{FCF6F515-0870-4CB4-8A55-1363D20B01A0}.Release|Any CPU.Build.0 = Release|Any CPU
		{7039861D-6274-440E-BF4D-FBD2BBDD465C}.Debug|Any CPU.ActiveCfg = Debug|Any CPU
		{7039861D-6274-440E-BF4D-FBD2BBDD465C}.Debug|Any CPU.Build.0 = Debug|Any CPU
		{7039861D-6274-440E-BF4D-FBD2BBDD465C}.Release|Any CPU.ActiveCfg = Release|Any CPU
		{7039861D-6274-440E-BF4D-FBD2BBDD465C}.Release|Any CPU.Build.0 = Release|Any CPU
		{B59C2048-7350-4F28-AB80-F2AEF9808330}.Debug|Any CPU.ActiveCfg = Debug|Any CPU
		{B59C2048-7350-4F28-AB80-F2AEF9808330}.Debug|Any CPU.Build.0 = Debug|Any CPU
		{B59C2048-7350-4F28-AB80-F2AEF9808330}.Release|Any CPU.ActiveCfg = Release|Any CPU
		{B59C2048-7350-4F28-AB80-F2AEF9808330}.Release|Any CPU.Build.0 = Release|Any CPU
		{73DF028B-60EC-42E4-B67E-C0DC4991ECEB}.Debug|Any CPU.ActiveCfg = Debug|Any CPU
		{73DF028B-60EC-42E4-B67E-C0DC4991ECEB}.Debug|Any CPU.Build.0 = Debug|Any CPU
		{73DF028B-60EC-42E4-B67E-C0DC4991ECEB}.Release|Any CPU.ActiveCfg = Release|Any CPU
		{73DF028B-60EC-42E4-B67E-C0DC4991ECEB}.Release|Any CPU.Build.0 = Release|Any CPU
		{9793CB2E-094A-41C9-81BC-27E60620538D}.Debug|Any CPU.ActiveCfg = Debug|Any CPU
		{9793CB2E-094A-41C9-81BC-27E60620538D}.Debug|Any CPU.Build.0 = Debug|Any CPU
		{9793CB2E-094A-41C9-81BC-27E60620538D}.Release|Any CPU.ActiveCfg = Release|Any CPU
		{9793CB2E-094A-41C9-81BC-27E60620538D}.Release|Any CPU.Build.0 = Release|Any CPU
		{C3130ECE-02D9-4BE6-9883-75351822E7DE}.Debug|Any CPU.ActiveCfg = Debug|Any CPU
		{C3130ECE-02D9-4BE6-9883-75351822E7DE}.Debug|Any CPU.Build.0 = Debug|Any CPU
		{C3130ECE-02D9-4BE6-9883-75351822E7DE}.Release|Any CPU.ActiveCfg = Release|Any CPU
		{C3130ECE-02D9-4BE6-9883-75351822E7DE}.Release|Any CPU.Build.0 = Release|Any CPU
	EndGlobalSection
	GlobalSection(SolutionProperties) = preSolution
		HideSolutionNode = FALSE
	EndGlobalSection
	GlobalSection(NestedProjects) = preSolution
		{324118A1-33A2-4D16-A134-C2685F7E5D71} = {97878F88-59A9-47BD-BAA4-7B4DEAC97826}
		{E08E1E48-6585-4137-8405-661C62C10713} = {3D7A76E0-ADD8-4F3C-8BE6-DF54FCB0CBCA}
		{55122BF8-CC39-4936-B8F1-CF8E87195971} = {97878F88-59A9-47BD-BAA4-7B4DEAC97826}
		{EFDA1674-FF63-4411-BA19-229AC67075DB} = {97878F88-59A9-47BD-BAA4-7B4DEAC97826}
		{8E93A08E-1156-45BB-973D-B087B88742C4} = {97878F88-59A9-47BD-BAA4-7B4DEAC97826}
		{9432CA06-25EA-44DB-9FA1-0583FF096B5D} = {97878F88-59A9-47BD-BAA4-7B4DEAC97826}
		{F31B8ADD-B400-4A21-9D15-85840B4C38C6} = {97878F88-59A9-47BD-BAA4-7B4DEAC97826}
		{32750FDA-CFE6-4296-BE7A-27E94FB4EEFA} = {97878F88-59A9-47BD-BAA4-7B4DEAC97826}
		{CB208F91-B1E8-4319-B4C0-2F4E15A4BFBC} = {3D7A76E0-ADD8-4F3C-8BE6-DF54FCB0CBCA}
		{85502A7B-1B1B-4A02-B37F-11600B6194FD} = {3D7A76E0-ADD8-4F3C-8BE6-DF54FCB0CBCA}
		{FB874758-AB99-4526-A035-8E6DA1252822} = {97878F88-59A9-47BD-BAA4-7B4DEAC97826}
		{9D1A3DCC-37BF-4979-ACD8-3E998E19CE71} = {97878F88-59A9-47BD-BAA4-7B4DEAC97826}
		{7039861D-6274-440E-BF4D-FBD2BBDD465C} = {97878F88-59A9-47BD-BAA4-7B4DEAC97826}
		{B59C2048-7350-4F28-AB80-F2AEF9808330} = {97878F88-59A9-47BD-BAA4-7B4DEAC97826}
		{73DF028B-60EC-42E4-B67E-C0DC4991ECEB} = {97878F88-59A9-47BD-BAA4-7B4DEAC97826}
		{9793CB2E-094A-41C9-81BC-27E60620538D} = {3D7A76E0-ADD8-4F3C-8BE6-DF54FCB0CBCA}
		{C3130ECE-02D9-4BE6-9883-75351822E7DE} = {3D7A76E0-ADD8-4F3C-8BE6-DF54FCB0CBCA}
	EndGlobalSection
	GlobalSection(ExtensibilityGlobals) = postSolution
		SolutionGuid = {225E86D0-10B9-4E96-8ED4-B8C90CB70682}
	EndGlobalSection
	GlobalSection(MonoDevelopProperties) = preSolution
		Policies = $0
		$0.DotNetNamingPolicy = $1
		$1.DirectoryNamespaceAssociation = None
		$1.ResourceNamePolicy = FileFormatDefault
	EndGlobalSection
EndGlobal
