
Microsoft Visual Studio Solution File, Format Version 12.00
# Visual Studio 14
VisualStudioVersion = 14.0.24720.0
MinimumVisualStudioVersion = 10.0.40219.1
Project("{FAE04EC0-301F-11D3-BF4B-00C04F79EFBC}") = "APMTool", "APMTool\APMTool.csproj", "{7A975804-D7B8-4233-9B63-F2FA8E06796F}"
EndProject
Project("{FAE04EC0-301F-11D3-BF4B-00C04F79EFBC}") = "OWLib", "OWLib\OWLib.csproj", "{353C0D05-C505-4DF4-909E-624FD94A7D3B}"
EndProject
Project("{FAE04EC0-301F-11D3-BF4B-00C04F79EFBC}") = "TextureTool", "TextureTool\TextureTool.csproj", "{324118A1-33A2-4D16-A134-C2685F7E5D71}"
EndProject
Project("{FAE04EC0-301F-11D3-BF4B-00C04F79EFBC}") = "ModelTool", "ModelTool\ModelTool.csproj", "{9432CA06-25EA-44DB-9FA1-0583FF096B5D}"
EndProject
Project("{FAE04EC0-301F-11D3-BF4B-00C04F79EFBC}") = "STUDTool", "STUDTool\STUDTool.csproj", "{917AF8D5-5886-44DD-87CA-939CBC5119F8}"
EndProject
Project("{FAE04EC0-301F-11D3-BF4B-00C04F79EFBC}") = "PackageTool", "PackageTool\PackageTool.csproj", "{71291DB4-629C-4D3D-B0D1-14FC9F9FC543}"
EndProject
Project("{FAE04EC0-301F-11D3-BF4B-00C04F79EFBC}") = "CascLib", "CASCExplorer\CascLib\CascLib.csproj", "{E08E1E48-6585-4137-8405-661C62C10713}"
EndProject
Project("{FAE04EC0-301F-11D3-BF4B-00C04F79EFBC}") = "Fbx", "FbxWriter\Fbx\Fbx.csproj", "{07A221AC-5238-4C77-96DE-E792C49D23E1}"
EndProject
Global
	GlobalSection(SolutionConfigurationPlatforms) = preSolution
		Debug|Any CPU = Debug|Any CPU
		Release|Any CPU = Release|Any CPU
	EndGlobalSection
	GlobalSection(ProjectConfigurationPlatforms) = postSolution
		{7A975804-D7B8-4233-9B63-F2FA8E06796F}.Debug|Any CPU.ActiveCfg = Debug|Any CPU
		{7A975804-D7B8-4233-9B63-F2FA8E06796F}.Debug|Any CPU.Build.0 = Debug|Any CPU
		{7A975804-D7B8-4233-9B63-F2FA8E06796F}.Release|Any CPU.ActiveCfg = Release|Any CPU
		{7A975804-D7B8-4233-9B63-F2FA8E06796F}.Release|Any CPU.Build.0 = Release|Any CPU
		{353C0D05-C505-4DF4-909E-624FD94A7D3B}.Debug|Any CPU.ActiveCfg = Debug|Any CPU
		{353C0D05-C505-4DF4-909E-624FD94A7D3B}.Debug|Any CPU.Build.0 = Debug|Any CPU
		{353C0D05-C505-4DF4-909E-624FD94A7D3B}.Release|Any CPU.ActiveCfg = Release|Any CPU
		{353C0D05-C505-4DF4-909E-624FD94A7D3B}.Release|Any CPU.Build.0 = Release|Any CPU
		{324118A1-33A2-4D16-A134-C2685F7E5D71}.Debug|Any CPU.ActiveCfg = Debug|Any CPU
		{324118A1-33A2-4D16-A134-C2685F7E5D71}.Debug|Any CPU.Build.0 = Debug|Any CPU
		{324118A1-33A2-4D16-A134-C2685F7E5D71}.Release|Any CPU.ActiveCfg = Release|Any CPU
		{324118A1-33A2-4D16-A134-C2685F7E5D71}.Release|Any CPU.Build.0 = Release|Any CPU
		{9432CA06-25EA-44DB-9FA1-0583FF096B5D}.Debug|Any CPU.ActiveCfg = Debug|Any CPU
		{9432CA06-25EA-44DB-9FA1-0583FF096B5D}.Debug|Any CPU.Build.0 = Debug|Any CPU
		{9432CA06-25EA-44DB-9FA1-0583FF096B5D}.Release|Any CPU.ActiveCfg = Release|Any CPU
		{9432CA06-25EA-44DB-9FA1-0583FF096B5D}.Release|Any CPU.Build.0 = Release|Any CPU
		{917AF8D5-5886-44DD-87CA-939CBC5119F8}.Debug|Any CPU.ActiveCfg = Debug|Any CPU
		{917AF8D5-5886-44DD-87CA-939CBC5119F8}.Debug|Any CPU.Build.0 = Debug|Any CPU
		{917AF8D5-5886-44DD-87CA-939CBC5119F8}.Release|Any CPU.ActiveCfg = Release|Any CPU
		{917AF8D5-5886-44DD-87CA-939CBC5119F8}.Release|Any CPU.Build.0 = Release|Any CPU
		{71291DB4-629C-4D3D-B0D1-14FC9F9FC543}.Debug|Any CPU.ActiveCfg = Debug|Any CPU
		{71291DB4-629C-4D3D-B0D1-14FC9F9FC543}.Debug|Any CPU.Build.0 = Debug|Any CPU
		{71291DB4-629C-4D3D-B0D1-14FC9F9FC543}.Release|Any CPU.ActiveCfg = Release|Any CPU
		{71291DB4-629C-4D3D-B0D1-14FC9F9FC543}.Release|Any CPU.Build.0 = Release|Any CPU
		{E08E1E48-6585-4137-8405-661C62C10713}.Debug|Any CPU.ActiveCfg = Debug|Any CPU
		{E08E1E48-6585-4137-8405-661C62C10713}.Debug|Any CPU.Build.0 = Debug|Any CPU
		{E08E1E48-6585-4137-8405-661C62C10713}.Release|Any CPU.ActiveCfg = Release|Any CPU
		{E08E1E48-6585-4137-8405-661C62C10713}.Release|Any CPU.Build.0 = Release|Any CPU
		{07A221AC-5238-4C77-96DE-E792C49D23E1}.Debug|Any CPU.ActiveCfg = Debug|Any CPU
		{07A221AC-5238-4C77-96DE-E792C49D23E1}.Debug|Any CPU.Build.0 = Debug|Any CPU
		{07A221AC-5238-4C77-96DE-E792C49D23E1}.Release|Any CPU.ActiveCfg = Release|Any CPU
		{07A221AC-5238-4C77-96DE-E792C49D23E1}.Release|Any CPU.Build.0 = Release|Any CPU
	EndGlobalSection
	GlobalSection(SolutionProperties) = preSolution
		HideSolutionNode = FALSE
	EndGlobalSection
	GlobalSection(MonoDevelopProperties) = preSolution
		Policies = $0
		$0.DotNetNamingPolicy = $1
		$1.DirectoryNamespaceAssociation = None
		$1.ResourceNamePolicy = FileFormatDefault
	EndGlobalSection
EndGlobal
